
Microsoft Visual Studio Solution File, Format Version 12.00
# Visual Studio 15
VisualStudioVersion = 15.0.27703.2042
MinimumVisualStudioVersion = 10.0.40219.1
Project("{FAE04EC0-301F-11D3-BF4B-00C04F79EFBC}") = "MaintainableTestableCode", "MaintainableTestableCode\MaintainableTestableCode.csproj", "{19F11E79-39EA-4794-92E6-9B8436DF5961}"
EndProject
Global
	GlobalSection(SolutionConfigurationPlatforms) = preSolution
		Debug|Any CPU = Debug|Any CPU
		Release|Any CPU = Release|Any CPU
	EndGlobalSection
	GlobalSection(ProjectConfigurationPlatforms) = postSolution
		{19F11E79-39EA-4794-92E6-9B8436DF5961}.Debug|Any CPU.ActiveCfg = Debug|Any CPU
		{19F11E79-39EA-4794-92E6-9B8436DF5961}.Debug|Any CPU.Build.0 = Debug|Any CPU
		{19F11E79-39EA-4794-92E6-9B8436DF5961}.Release|Any CPU.ActiveCfg = Release|Any CPU
		{19F11E79-39EA-4794-92E6-9B8436DF5961}.Release|Any CPU.Build.0 = Release|Any CPU
	EndGlobalSection
	GlobalSection(SolutionProperties) = preSolution
		HideSolutionNode = FALSE
	EndGlobalSection
	GlobalSection(ExtensibilityGlobals) = postSolution
		SolutionGuid = {8FA207F8-CE05-4386-A91C-2BA36F10430E}
	EndGlobalSection
EndGlobal
